
Microsoft Visual Studio Solution File, Format Version 12.00
# Visual Studio Version 16
VisualStudioVersion = 16.0.30517.126
MinimumVisualStudioVersion = 10.0.40219.1
Project("{FAE04EC0-301F-11D3-BF4B-00C04F79EFBC}") = "GestionFormation", "GestionFormation\GestionFormation.csproj", "{1963F1E8-0E2B-43C5-894E-F21DF94B65DC}"
EndProject
Project("{FAE04EC0-301F-11D3-BF4B-00C04F79EFBC}") = "Tests_GestionFormation", "Tests_GestionFormation\Tests_GestionFormation.csproj", "{2C274D53-9C88-49F2-8F74-062AE4CBC291}"
EndProject
Global
	GlobalSection(SolutionConfigurationPlatforms) = preSolution
		Debug|Any CPU = Debug|Any CPU
		Release|Any CPU = Release|Any CPU
	EndGlobalSection
	GlobalSection(ProjectConfigurationPlatforms) = postSolution
		{1963F1E8-0E2B-43C5-894E-F21DF94B65DC}.Debug|Any CPU.ActiveCfg = Debug|Any CPU
		{1963F1E8-0E2B-43C5-894E-F21DF94B65DC}.Debug|Any CPU.Build.0 = Debug|Any CPU
		{1963F1E8-0E2B-43C5-894E-F21DF94B65DC}.Release|Any CPU.ActiveCfg = Release|Any CPU
		{1963F1E8-0E2B-43C5-894E-F21DF94B65DC}.Release|Any CPU.Build.0 = Release|Any CPU
		{2C274D53-9C88-49F2-8F74-062AE4CBC291}.Debug|Any CPU.ActiveCfg = Debug|Any CPU
		{2C274D53-9C88-49F2-8F74-062AE4CBC291}.Debug|Any CPU.Build.0 = Debug|Any CPU
		{2C274D53-9C88-49F2-8F74-062AE4CBC291}.Release|Any CPU.ActiveCfg = Release|Any CPU
		{2C274D53-9C88-49F2-8F74-062AE4CBC291}.Release|Any CPU.Build.0 = Release|Any CPU
	EndGlobalSection
	GlobalSection(SolutionProperties) = preSolution
		HideSolutionNode = FALSE
	EndGlobalSection
	GlobalSection(ExtensibilityGlobals) = postSolution
		SolutionGuid = {D90F0D96-920C-450C-AB74-1CC9B66D6068}
	EndGlobalSection
EndGlobal
